
Microsoft Visual Studio Solution File, Format Version 12.00
# Visual Studio 2012
Project("{FAE04EC0-301F-11D3-BF4B-00C04F79EFBC}") = "Library_4", "Library_4\Library_4.csproj", "{15276157-6AC7-47DF-95CC-98AE49A3E062}"
EndProject
Global
	GlobalSection(SolutionConfigurationPlatforms) = preSolution
		Debug|Any CPU = Debug|Any CPU
		Release|Any CPU = Release|Any CPU
	EndGlobalSection
	GlobalSection(ProjectConfigurationPlatforms) = postSolution
		{15276157-6AC7-47DF-95CC-98AE49A3E062}.Debug|Any CPU.ActiveCfg = Debug|Any CPU
		{15276157-6AC7-47DF-95CC-98AE49A3E062}.Debug|Any CPU.Build.0 = Debug|Any CPU
		{15276157-6AC7-47DF-95CC-98AE49A3E062}.Release|Any CPU.ActiveCfg = Release|Any CPU
		{15276157-6AC7-47DF-95CC-98AE49A3E062}.Release|Any CPU.Build.0 = Release|Any CPU
	EndGlobalSection
	GlobalSection(SolutionProperties) = preSolution
		HideSolutionNode = FALSE
	EndGlobalSection
EndGlobal
