
Microsoft Visual Studio Solution File, Format Version 12.00
# Visual Studio 2012
Project("{FAE04EC0-301F-11D3-BF4B-00C04F79EFBC}") = "Library_3", "Library_3\Library_3.csproj", "{22FCAAF6-28CA-4C3C-AC5D-779DD360C81C}"
EndProject
Global
	GlobalSection(SolutionConfigurationPlatforms) = preSolution
		Debug|Any CPU = Debug|Any CPU
		Release|Any CPU = Release|Any CPU
	EndGlobalSection
	GlobalSection(ProjectConfigurationPlatforms) = postSolution
		{22FCAAF6-28CA-4C3C-AC5D-779DD360C81C}.Debug|Any CPU.ActiveCfg = Debug|Any CPU
		{22FCAAF6-28CA-4C3C-AC5D-779DD360C81C}.Debug|Any CPU.Build.0 = Debug|Any CPU
		{22FCAAF6-28CA-4C3C-AC5D-779DD360C81C}.Release|Any CPU.ActiveCfg = Release|Any CPU
		{22FCAAF6-28CA-4C3C-AC5D-779DD360C81C}.Release|Any CPU.Build.0 = Release|Any CPU
	EndGlobalSection
	GlobalSection(SolutionProperties) = preSolution
		HideSolutionNode = FALSE
	EndGlobalSection
EndGlobal
