
Microsoft Visual Studio Solution File, Format Version 12.00
# Visual Studio 2012
Project("{FAE04EC0-301F-11D3-BF4B-00C04F79EFBC}") = "lab2", "lab2\lab2.csproj", "{C34C0376-D61D-466C-9D67-D1CD7E7C0CD3}"
EndProject
Global
	GlobalSection(SolutionConfigurationPlatforms) = preSolution
		Debug|Any CPU = Debug|Any CPU
		Release|Any CPU = Release|Any CPU
	EndGlobalSection
	GlobalSection(ProjectConfigurationPlatforms) = postSolution
		{C34C0376-D61D-466C-9D67-D1CD7E7C0CD3}.Debug|Any CPU.ActiveCfg = Debug|Any CPU
		{C34C0376-D61D-466C-9D67-D1CD7E7C0CD3}.Debug|Any CPU.Build.0 = Debug|Any CPU
		{C34C0376-D61D-466C-9D67-D1CD7E7C0CD3}.Release|Any CPU.ActiveCfg = Release|Any CPU
		{C34C0376-D61D-466C-9D67-D1CD7E7C0CD3}.Release|Any CPU.Build.0 = Release|Any CPU
	EndGlobalSection
	GlobalSection(SolutionProperties) = preSolution
		HideSolutionNode = FALSE
	EndGlobalSection
EndGlobal
